
Microsoft Visual Studio Solution File, Format Version 12.00
# Visual Studio 15
VisualStudioVersion = 15.0.28307.329
MinimumVisualStudioVersion = 10.0.40219.1
Project("{FAE04EC0-301F-11D3-BF4B-00C04F79EFBC}") = "Game", "ConsoleApp1\Game.csproj", "{D022FC02-CB41-4F30-96A4-D4F27A473013}"
EndProject
Global
	GlobalSection(SolutionConfigurationPlatforms) = preSolution
		Debug|Any CPU = Debug|Any CPU
		Release|Any CPU = Release|Any CPU
	EndGlobalSection
	GlobalSection(ProjectConfigurationPlatforms) = postSolution
		{D022FC02-CB41-4F30-96A4-D4F27A473013}.Debug|Any CPU.ActiveCfg = Debug|Any CPU
		{D022FC02-CB41-4F30-96A4-D4F27A473013}.Debug|Any CPU.Build.0 = Debug|Any CPU
		{D022FC02-CB41-4F30-96A4-D4F27A473013}.Release|Any CPU.ActiveCfg = Release|Any CPU
		{D022FC02-CB41-4F30-96A4-D4F27A473013}.Release|Any CPU.Build.0 = Release|Any CPU
	EndGlobalSection
	GlobalSection(SolutionProperties) = preSolution
		HideSolutionNode = FALSE
	EndGlobalSection
	GlobalSection(ExtensibilityGlobals) = postSolution
		SolutionGuid = {29A47CF3-1ADE-4A38-9DEB-50DA70C4D27F}
	EndGlobalSection
EndGlobal
